
Microsoft Visual Studio Solution File, Format Version 12.00
# Visual Studio Version 17
VisualStudioVersion = 17.0.31903.59
MinimumVisualStudioVersion = 10.0.40219.1
Project("{FAE04EC0-301F-11D3-BF4B-00C04F79EFBC}") = "Anamnesis.Domain", "src\Anamnesis.Domain\Anamnesis.Domain.csproj", "{A1B2C3D4-E5F6-7890-ABCD-EF0123456781}"
EndProject
Project("{FAE04EC0-301F-11D3-BF4B-00C04F79EFBC}") = "Anamnesis.Adapter.Llm.Ollama", "src\Anamnesis.Adapter.Llm.Ollama\Anamnesis.Adapter.Llm.Ollama.csproj", "{A1B2C3D4-E5F6-7890-ABCD-EF0123456783}"
EndProject
Project("{FAE04EC0-301F-11D3-BF4B-00C04F79EFBC}") = "Anamnesis.Adapter.Llm.Ollama.Test", "src\Anamnesis.Adapter.Llm.Ollama.Test\Anamnesis.Adapter.Llm.Ollama.Test.csproj", "{A1B2C3D4-E5F6-7890-ABCD-EF0123456784}"
EndProject
Project("{FAE04EC0-301F-11D3-BF4B-00C04F79EFBC}") = "Anamnesis.UseCase.Conversation.Contract", "src\Anamnesis.UseCase.Conversation.Contract\Anamnesis.UseCase.Conversation.Contract.csproj", "{A1B2C3D4-E5F6-7890-ABCD-EF0123456785}"
EndProject
Project("{FAE04EC0-301F-11D3-BF4B-00C04F79EFBC}") = "Anamnesis.UseCase.Conversation", "src\Anamnesis.UseCase.Conversation\Anamnesis.UseCase.Conversation.csproj", "{A1B2C3D4-E5F6-7890-ABCD-EF0123456786}"
EndProject
Project("{FAE04EC0-301F-11D3-BF4B-00C04F79EFBC}") = "Anamnesis.UseCase.Conversation.Test", "src\Anamnesis.UseCase.Conversation.Test\Anamnesis.UseCase.Conversation.Test.csproj", "{A1B2C3D4-E5F6-7890-ABCD-EF0123456787}"
EndProject
Project("{FAE04EC0-301F-11D3-BF4B-00C04F79EFBC}") = "Anamnesis.Interface.Website", "src\Anamnesis.Interface.Website\Anamnesis.Interface.Website.csproj", "{A1B2C3D4-E5F6-7890-ABCD-EF0123456788}"
EndProject
Project("{2150E333-8FDC-42A3-9474-1A3956D46DE8}") = "src", "src", "{827E0CD3-B72D-47B6-A68D-7590B98EB39B}"
EndProject
Project("{FAE04EC0-301F-11D3-BF4B-00C04F79EFBC}") = "Anamnesis.Adapter.MedicalData.Nhs", "src\Anamnesis.Adapter.MedicalData.Nhs\Anamnesis.Adapter.MedicalData.Nhs.csproj", "{B8DEA677-84DA-4FDA-8E1D-0556FA8AC9A7}"
EndProject
Project("{FAE04EC0-301F-11D3-BF4B-00C04F79EFBC}") = "Anamnesis.Adapter.MedicalData.Nhs.Test", "src\Anamnesis.Adapter.MedicalData.Nhs.Test\Anamnesis.Adapter.MedicalData.Nhs.Test.csproj", "{22F39BE4-90DC-4785-86F6-0F70ED534E4F}"
EndProject
Project("{FAE04EC0-301F-11D3-BF4B-00C04F79EFBC}") = "Anamnesis.Adapter.MedicalData.Contract", "src\Anamnesis.Adapter.MedicalData.Contract\Anamnesis.Adapter.MedicalData.Contract.csproj", "{095164FA-F2C7-439B-9358-8CD847B5C95B}"
EndProject
Project("{FAE04EC0-301F-11D3-BF4B-00C04F79EFBC}") = "Anamnesis.Infrastructure", "src\Anamnesis.Infrastructure\Anamnesis.Infrastructure.csproj", "{82D39523-E4D0-4D1A-B033-8D2539C3F589}"
EndProject
Project("{FAE04EC0-301F-11D3-BF4B-00C04F79EFBC}") = "Anamnesis.Adapter.Llm.Contract", "src\Anamnesis.Adapter.Llm.Contract\Anamnesis.Adapter.Llm.Contract.csproj", "{61BBD9F4-2338-4BD1-9EB3-1AE36C005DBF}"
EndProject
Global
	GlobalSection(SolutionConfigurationPlatforms) = preSolution
		Debug|Any CPU = Debug|Any CPU
		Debug|x64 = Debug|x64
		Debug|x86 = Debug|x86
		Release|Any CPU = Release|Any CPU
		Release|x64 = Release|x64
		Release|x86 = Release|x86
	EndGlobalSection
	GlobalSection(ProjectConfigurationPlatforms) = postSolution
		{A1B2C3D4-E5F6-7890-ABCD-EF0123456781}.Debug|Any CPU.ActiveCfg = Debug|Any CPU
		{A1B2C3D4-E5F6-7890-ABCD-EF0123456781}.Debug|Any CPU.Build.0 = Debug|Any CPU
		{A1B2C3D4-E5F6-7890-ABCD-EF0123456781}.Debug|x64.ActiveCfg = Debug|Any CPU
		{A1B2C3D4-E5F6-7890-ABCD-EF0123456781}.Debug|x64.Build.0 = Debug|Any CPU
		{A1B2C3D4-E5F6-7890-ABCD-EF0123456781}.Debug|x86.ActiveCfg = Debug|Any CPU
		{A1B2C3D4-E5F6-7890-ABCD-EF0123456781}.Debug|x86.Build.0 = Debug|Any CPU
		{A1B2C3D4-E5F6-7890-ABCD-EF0123456781}.Release|Any CPU.ActiveCfg = Release|Any CPU
		{A1B2C3D4-E5F6-7890-ABCD-EF0123456781}.Release|Any CPU.Build.0 = Release|Any CPU
		{A1B2C3D4-E5F6-7890-ABCD-EF0123456781}.Release|x64.ActiveCfg = Release|Any CPU
		{A1B2C3D4-E5F6-7890-ABCD-EF0123456781}.Release|x64.Build.0 = Release|Any CPU
		{A1B2C3D4-E5F6-7890-ABCD-EF0123456781}.Release|x86.ActiveCfg = Release|Any CPU
		{A1B2C3D4-E5F6-7890-ABCD-EF0123456781}.Release|x86.Build.0 = Release|Any CPU
		{A1B2C3D4-E5F6-7890-ABCD-EF0123456783}.Debug|Any CPU.ActiveCfg = Debug|Any CPU
		{A1B2C3D4-E5F6-7890-ABCD-EF0123456783}.Debug|Any CPU.Build.0 = Debug|Any CPU
		{A1B2C3D4-E5F6-7890-ABCD-EF0123456783}.Debug|x64.ActiveCfg = Debug|Any CPU
		{A1B2C3D4-E5F6-7890-ABCD-EF0123456783}.Debug|x64.Build.0 = Debug|Any CPU
		{A1B2C3D4-E5F6-7890-ABCD-EF0123456783}.Debug|x86.ActiveCfg = Debug|Any CPU
		{A1B2C3D4-E5F6-7890-ABCD-EF0123456783}.Debug|x86.Build.0 = Debug|Any CPU
		{A1B2C3D4-E5F6-7890-ABCD-EF0123456783}.Release|Any CPU.ActiveCfg = Release|Any CPU
		{A1B2C3D4-E5F6-7890-ABCD-EF0123456783}.Release|Any CPU.Build.0 = Release|Any CPU
		{A1B2C3D4-E5F6-7890-ABCD-EF0123456783}.Release|x64.ActiveCfg = Release|Any CPU
		{A1B2C3D4-E5F6-7890-ABCD-EF0123456783}.Release|x64.Build.0 = Release|Any CPU
		{A1B2C3D4-E5F6-7890-ABCD-EF0123456783}.Release|x86.ActiveCfg = Release|Any CPU
		{A1B2C3D4-E5F6-7890-ABCD-EF0123456783}.Release|x86.Build.0 = Release|Any CPU
		{A1B2C3D4-E5F6-7890-ABCD-EF0123456784}.Debug|Any CPU.ActiveCfg = Debug|Any CPU
		{A1B2C3D4-E5F6-7890-ABCD-EF0123456784}.Debug|Any CPU.Build.0 = Debug|Any CPU
		{A1B2C3D4-E5F6-7890-ABCD-EF0123456784}.Debug|x64.ActiveCfg = Debug|Any CPU
		{A1B2C3D4-E5F6-7890-ABCD-EF0123456784}.Debug|x64.Build.0 = Debug|Any CPU
		{A1B2C3D4-E5F6-7890-ABCD-EF0123456784}.Debug|x86.ActiveCfg = Debug|Any CPU
		{A1B2C3D4-E5F6-7890-ABCD-EF0123456784}.Debug|x86.Build.0 = Debug|Any CPU
		{A1B2C3D4-E5F6-7890-ABCD-EF0123456784}.Release|Any CPU.ActiveCfg = Release|Any CPU
		{A1B2C3D4-E5F6-7890-ABCD-EF0123456784}.Release|Any CPU.Build.0 = Release|Any CPU
		{A1B2C3D4-E5F6-7890-ABCD-EF0123456784}.Release|x64.ActiveCfg = Release|Any CPU
		{A1B2C3D4-E5F6-7890-ABCD-EF0123456784}.Release|x64.Build.0 = Release|Any CPU
		{A1B2C3D4-E5F6-7890-ABCD-EF0123456784}.Release|x86.ActiveCfg = Release|Any CPU
		{A1B2C3D4-E5F6-7890-ABCD-EF0123456784}.Release|x86.Build.0 = Release|Any CPU
		{A1B2C3D4-E5F6-7890-ABCD-EF0123456785}.Debug|Any CPU.ActiveCfg = Debug|Any CPU
		{A1B2C3D4-E5F6-7890-ABCD-EF0123456785}.Debug|Any CPU.Build.0 = Debug|Any CPU
		{A1B2C3D4-E5F6-7890-ABCD-EF0123456785}.Debug|x64.ActiveCfg = Debug|Any CPU
		{A1B2C3D4-E5F6-7890-ABCD-EF0123456785}.Debug|x64.Build.0 = Debug|Any CPU
		{A1B2C3D4-E5F6-7890-ABCD-EF0123456785}.Debug|x86.ActiveCfg = Debug|Any CPU
		{A1B2C3D4-E5F6-7890-ABCD-EF0123456785}.Debug|x86.Build.0 = Debug|Any CPU
		{A1B2C3D4-E5F6-7890-ABCD-EF0123456785}.Release|Any CPU.ActiveCfg = Release|Any CPU
		{A1B2C3D4-E5F6-7890-ABCD-EF0123456785}.Release|Any CPU.Build.0 = Release|Any CPU
		{A1B2C3D4-E5F6-7890-ABCD-EF0123456785}.Release|x64.ActiveCfg = Release|Any CPU
		{A1B2C3D4-E5F6-7890-ABCD-EF0123456785}.Release|x64.Build.0 = Release|Any CPU
		{A1B2C3D4-E5F6-7890-ABCD-EF0123456785}.Release|x86.ActiveCfg = Release|Any CPU
		{A1B2C3D4-E5F6-7890-ABCD-EF0123456785}.Release|x86.Build.0 = Release|Any CPU
		{A1B2C3D4-E5F6-7890-ABCD-EF0123456786}.Debug|Any CPU.ActiveCfg = Debug|Any CPU
		{A1B2C3D4-E5F6-7890-ABCD-EF0123456786}.Debug|Any CPU.Build.0 = Debug|Any CPU
		{A1B2C3D4-E5F6-7890-ABCD-EF0123456786}.Debug|x64.ActiveCfg = Debug|Any CPU
		{A1B2C3D4-E5F6-7890-ABCD-EF0123456786}.Debug|x64.Build.0 = Debug|Any CPU
		{A1B2C3D4-E5F6-7890-ABCD-EF0123456786}.Debug|x86.ActiveCfg = Debug|Any CPU
		{A1B2C3D4-E5F6-7890-ABCD-EF0123456786}.Debug|x86.Build.0 = Debug|Any CPU
		{A1B2C3D4-E5F6-7890-ABCD-EF0123456786}.Release|Any CPU.ActiveCfg = Release|Any CPU
		{A1B2C3D4-E5F6-7890-ABCD-EF0123456786}.Release|Any CPU.Build.0 = Release|Any CPU
		{A1B2C3D4-E5F6-7890-ABCD-EF0123456786}.Release|x64.ActiveCfg = Release|Any CPU
		{A1B2C3D4-E5F6-7890-ABCD-EF0123456786}.Release|x64.Build.0 = Release|Any CPU
		{A1B2C3D4-E5F6-7890-ABCD-EF0123456786}.Release|x86.ActiveCfg = Release|Any CPU
		{A1B2C3D4-E5F6-7890-ABCD-EF0123456786}.Release|x86.Build.0 = Release|Any CPU
		{A1B2C3D4-E5F6-7890-ABCD-EF0123456787}.Debug|Any CPU.ActiveCfg = Debug|Any CPU
		{A1B2C3D4-E5F6-7890-ABCD-EF0123456787}.Debug|Any CPU.Build.0 = Debug|Any CPU
		{A1B2C3D4-E5F6-7890-ABCD-EF0123456787}.Debug|x64.ActiveCfg = Debug|Any CPU
		{A1B2C3D4-E5F6-7890-ABCD-EF0123456787}.Debug|x64.Build.0 = Debug|Any CPU
		{A1B2C3D4-E5F6-7890-ABCD-EF0123456787}.Debug|x86.ActiveCfg = Debug|Any CPU
		{A1B2C3D4-E5F6-7890-ABCD-EF0123456787}.Debug|x86.Build.0 = Debug|Any CPU
		{A1B2C3D4-E5F6-7890-ABCD-EF0123456787}.Release|Any CPU.ActiveCfg = Release|Any CPU
		{A1B2C3D4-E5F6-7890-ABCD-EF0123456787}.Release|Any CPU.Build.0 = Release|Any CPU
		{A1B2C3D4-E5F6-7890-ABCD-EF0123456787}.Release|x64.ActiveCfg = Release|Any CPU
		{A1B2C3D4-E5F6-7890-ABCD-EF0123456787}.Release|x64.Build.0 = Release|Any CPU
		{A1B2C3D4-E5F6-7890-ABCD-EF0123456787}.Release|x86.ActiveCfg = Release|Any CPU
		{A1B2C3D4-E5F6-7890-ABCD-EF0123456787}.Release|x86.Build.0 = Release|Any CPU
		{A1B2C3D4-E5F6-7890-ABCD-EF0123456788}.Debug|Any CPU.ActiveCfg = Debug|Any CPU
		{A1B2C3D4-E5F6-7890-ABCD-EF0123456788}.Debug|Any CPU.Build.0 = Debug|Any CPU
		{A1B2C3D4-E5F6-7890-ABCD-EF0123456788}.Debug|x64.ActiveCfg = Debug|Any CPU
		{A1B2C3D4-E5F6-7890-ABCD-EF0123456788}.Debug|x64.Build.0 = Debug|Any CPU
		{A1B2C3D4-E5F6-7890-ABCD-EF0123456788}.Debug|x86.ActiveCfg = Debug|Any CPU
		{A1B2C3D4-E5F6-7890-ABCD-EF0123456788}.Debug|x86.Build.0 = Debug|Any CPU
		{A1B2C3D4-E5F6-7890-ABCD-EF0123456788}.Release|Any CPU.ActiveCfg = Release|Any CPU
		{A1B2C3D4-E5F6-7890-ABCD-EF0123456788}.Release|Any CPU.Build.0 = Release|Any CPU
		{A1B2C3D4-E5F6-7890-ABCD-EF0123456788}.Release|x64.ActiveCfg = Release|Any CPU
		{A1B2C3D4-E5F6-7890-ABCD-EF0123456788}.Release|x64.Build.0 = Release|Any CPU
		{A1B2C3D4-E5F6-7890-ABCD-EF0123456788}.Release|x86.ActiveCfg = Release|Any CPU
		{A1B2C3D4-E5F6-7890-ABCD-EF0123456788}.Release|x86.Build.0 = Release|Any CPU
		{B8DEA677-84DA-4FDA-8E1D-0556FA8AC9A7}.Debug|Any CPU.ActiveCfg = Debug|Any CPU
		{B8DEA677-84DA-4FDA-8E1D-0556FA8AC9A7}.Debug|Any CPU.Build.0 = Debug|Any CPU
		{B8DEA677-84DA-4FDA-8E1D-0556FA8AC9A7}.Debug|x64.ActiveCfg = Debug|Any CPU
		{B8DEA677-84DA-4FDA-8E1D-0556FA8AC9A7}.Debug|x64.Build.0 = Debug|Any CPU
		{B8DEA677-84DA-4FDA-8E1D-0556FA8AC9A7}.Debug|x86.ActiveCfg = Debug|Any CPU
		{B8DEA677-84DA-4FDA-8E1D-0556FA8AC9A7}.Debug|x86.Build.0 = Debug|Any CPU
		{B8DEA677-84DA-4FDA-8E1D-0556FA8AC9A7}.Release|Any CPU.ActiveCfg = Release|Any CPU
		{B8DEA677-84DA-4FDA-8E1D-0556FA8AC9A7}.Release|Any CPU.Build.0 = Release|Any CPU
		{B8DEA677-84DA-4FDA-8E1D-0556FA8AC9A7}.Release|x64.ActiveCfg = Release|Any CPU
		{B8DEA677-84DA-4FDA-8E1D-0556FA8AC9A7}.Release|x64.Build.0 = Release|Any CPU
		{B8DEA677-84DA-4FDA-8E1D-0556FA8AC9A7}.Release|x86.ActiveCfg = Release|Any CPU
		{B8DEA677-84DA-4FDA-8E1D-0556FA8AC9A7}.Release|x86.Build.0 = Release|Any CPU
		{22F39BE4-90DC-4785-86F6-0F70ED534E4F}.Debug|Any CPU.ActiveCfg = Debug|Any CPU
		{22F39BE4-90DC-4785-86F6-0F70ED534E4F}.Debug|Any CPU.Build.0 = Debug|Any CPU
		{22F39BE4-90DC-4785-86F6-0F70ED534E4F}.Debug|x64.ActiveCfg = Debug|Any CPU
		{22F39BE4-90DC-4785-86F6-0F70ED534E4F}.Debug|x64.Build.0 = Debug|Any CPU
		{22F39BE4-90DC-4785-86F6-0F70ED534E4F}.Debug|x86.ActiveCfg = Debug|Any CPU
		{22F39BE4-90DC-4785-86F6-0F70ED534E4F}.Debug|x86.Build.0 = Debug|Any CPU
		{22F39BE4-90DC-4785-86F6-0F70ED534E4F}.Release|Any CPU.ActiveCfg = Release|Any CPU
		{22F39BE4-90DC-4785-86F6-0F70ED534E4F}.Release|Any CPU.Build.0 = Release|Any CPU
		{22F39BE4-90DC-4785-86F6-0F70ED534E4F}.Release|x64.ActiveCfg = Release|Any CPU
		{22F39BE4-90DC-4785-86F6-0F70ED534E4F}.Release|x64.Build.0 = Release|Any CPU
		{22F39BE4-90DC-4785-86F6-0F70ED534E4F}.Release|x86.ActiveCfg = Release|Any CPU
		{22F39BE4-90DC-4785-86F6-0F70ED534E4F}.Release|x86.Build.0 = Release|Any CPU
		{095164FA-F2C7-439B-9358-8CD847B5C95B}.Debug|Any CPU.ActiveCfg = Debug|Any CPU
		{095164FA-F2C7-439B-9358-8CD847B5C95B}.Debug|Any CPU.Build.0 = Debug|Any CPU
		{095164FA-F2C7-439B-9358-8CD847B5C95B}.Debug|x64.ActiveCfg = Debug|Any CPU
		{095164FA-F2C7-439B-9358-8CD847B5C95B}.Debug|x64.Build.0 = Debug|Any CPU
		{095164FA-F2C7-439B-9358-8CD847B5C95B}.Debug|x86.ActiveCfg = Debug|Any CPU
		{095164FA-F2C7-439B-9358-8CD847B5C95B}.Debug|x86.Build.0 = Debug|Any CPU
		{095164FA-F2C7-439B-9358-8CD847B5C95B}.Release|Any CPU.ActiveCfg = Release|Any CPU
		{095164FA-F2C7-439B-9358-8CD847B5C95B}.Release|Any CPU.Build.0 = Release|Any CPU
		{095164FA-F2C7-439B-9358-8CD847B5C95B}.Release|x64.ActiveCfg = Release|Any CPU
		{095164FA-F2C7-439B-9358-8CD847B5C95B}.Release|x64.Build.0 = Release|Any CPU
		{095164FA-F2C7-439B-9358-8CD847B5C95B}.Release|x86.ActiveCfg = Release|Any CPU
		{095164FA-F2C7-439B-9358-8CD847B5C95B}.Release|x86.Build.0 = Release|Any CPU
		{82D39523-E4D0-4D1A-B033-8D2539C3F589}.Debug|Any CPU.ActiveCfg = Debug|Any CPU
		{82D39523-E4D0-4D1A-B033-8D2539C3F589}.Debug|Any CPU.Build.0 = Debug|Any CPU
		{82D39523-E4D0-4D1A-B033-8D2539C3F589}.Debug|x64.ActiveCfg = Debug|Any CPU
		{82D39523-E4D0-4D1A-B033-8D2539C3F589}.Debug|x64.Build.0 = Debug|Any CPU
		{82D39523-E4D0-4D1A-B033-8D2539C3F589}.Debug|x86.ActiveCfg = Debug|Any CPU
		{82D39523-E4D0-4D1A-B033-8D2539C3F589}.Debug|x86.Build.0 = Debug|Any CPU
		{82D39523-E4D0-4D1A-B033-8D2539C3F589}.Release|Any CPU.ActiveCfg = Release|Any CPU
		{82D39523-E4D0-4D1A-B033-8D2539C3F589}.Release|Any CPU.Build.0 = Release|Any CPU
		{82D39523-E4D0-4D1A-B033-8D2539C3F589}.Release|x64.ActiveCfg = Release|Any CPU
		{82D39523-E4D0-4D1A-B033-8D2539C3F589}.Release|x64.Build.0 = Release|Any CPU
		{82D39523-E4D0-4D1A-B033-8D2539C3F589}.Release|x86.ActiveCfg = Release|Any CPU
		{82D39523-E4D0-4D1A-B033-8D2539C3F589}.Release|x86.Build.0 = Release|Any CPU
		{61BBD9F4-2338-4BD1-9EB3-1AE36C005DBF}.Debug|Any CPU.ActiveCfg = Debug|Any CPU
		{61BBD9F4-2338-4BD1-9EB3-1AE36C005DBF}.Debug|Any CPU.Build.0 = Debug|Any CPU
		{61BBD9F4-2338-4BD1-9EB3-1AE36C005DBF}.Debug|x64.ActiveCfg = Debug|Any CPU
		{61BBD9F4-2338-4BD1-9EB3-1AE36C005DBF}.Debug|x64.Build.0 = Debug|Any CPU
		{61BBD9F4-2338-4BD1-9EB3-1AE36C005DBF}.Debug|x86.ActiveCfg = Debug|Any CPU
		{61BBD9F4-2338-4BD1-9EB3-1AE36C005DBF}.Debug|x86.Build.0 = Debug|Any CPU
		{61BBD9F4-2338-4BD1-9EB3-1AE36C005DBF}.Release|Any CPU.ActiveCfg = Release|Any CPU
		{61BBD9F4-2338-4BD1-9EB3-1AE36C005DBF}.Release|Any CPU.Build.0 = Release|Any CPU
		{61BBD9F4-2338-4BD1-9EB3-1AE36C005DBF}.Release|x64.ActiveCfg = Release|Any CPU
		{61BBD9F4-2338-4BD1-9EB3-1AE36C005DBF}.Release|x64.Build.0 = Release|Any CPU
		{61BBD9F4-2338-4BD1-9EB3-1AE36C005DBF}.Release|x86.ActiveCfg = Release|Any CPU
		{61BBD9F4-2338-4BD1-9EB3-1AE36C005DBF}.Release|x86.Build.0 = Release|Any CPU
	EndGlobalSection
	GlobalSection(SolutionProperties) = preSolution
		HideSolutionNode = FALSE
	EndGlobalSection
	GlobalSection(NestedProjects) = preSolution
		{B8DEA677-84DA-4FDA-8E1D-0556FA8AC9A7} = {827E0CD3-B72D-47B6-A68D-7590B98EB39B}
		{22F39BE4-90DC-4785-86F6-0F70ED534E4F} = {827E0CD3-B72D-47B6-A68D-7590B98EB39B}
		{095164FA-F2C7-439B-9358-8CD847B5C95B} = {827E0CD3-B72D-47B6-A68D-7590B98EB39B}
		{82D39523-E4D0-4D1A-B033-8D2539C3F589} = {827E0CD3-B72D-47B6-A68D-7590B98EB39B}
		{61BBD9F4-2338-4BD1-9EB3-1AE36C005DBF} = {827E0CD3-B72D-47B6-A68D-7590B98EB39B}
	EndGlobalSection
EndGlobal
